// !$*UTF8*$!
{
	archiveVersion = 1;
	classes = {
	};
	objectVersion = 77;
	objects = {

/* Begin PBXContainerItemProxy section */
		984C5A5E2EAF2CD40048EB4D /* PBXContainerItemProxy */ = {
			isa = PBXContainerItemProxy;
			containerPortal = 984C5A482EAF2CD20048EB4D /* Project object */;
			proxyType = 1;
			remoteGlobalIDString = 984C5A4F2EAF2CD20048EB4D;
			remoteInfo = studyApp;
		};
		984C5A682EAF2CD40048EB4D /* PBXContainerItemProxy */ = {
			isa = PBXContainerItemProxy;
			containerPortal = 984C5A482EAF2CD20048EB4D /* Project object */;
			proxyType = 1;
			remoteGlobalIDString = 984C5A4F2EAF2CD20048EB4D;
			remoteInfo = studyApp;
		};
/* End PBXContainerItemProxy section */

/* Begin PBXFileReference section */
		984C5A502EAF2CD20048EB4D /* studyApp.app */ = {isa = PBXFileReference; explicitFileType = wrapper.application; includeInIndex = 0; path = studyApp.app; sourceTree = BUILT_PRODUCTS_DIR; };
		984C5A5D2EAF2CD40048EB4D /* studyAppTests.xctest */ = {isa = PBXFileReference; explicitFileType = wrapper.cfbundle; includeInIndex = 0; path = studyAppTests.xctest; sourceTree = BUILT_PRODUCTS_DIR; };
		984C5A672EAF2CD40048EB4D /* studyAppUITests.xctest */ = {isa = PBXFileReference; explicitFileType = wrapper.cfbundle; includeInIndex = 0; path = studyAppUITests.xctest; sourceTree = BUILT_PRODUCTS_DIR; };
		98F8451D2F2B7329003E3C6B /* studyApp.xctestplan */ = {isa = PBXFileReference; lastKnownFileType = text; path = studyApp.xctestplan; sourceTree = "<group>"; };
/* End PBXFileReference section */

/* Begin PBXFileSystemSynchronizedBuildFileExceptionSet section */
		984C5BC72EAF2D7C0048EB4D /* Exceptions for "studyAppUITests" folder in "studyApp" target */ = {
			isa = PBXFileSystemSynchronizedBuildFileExceptionSet;
			membershipExceptions = (
				.gitattributes,
				.gitignore,
				Assets.xcassets,
				"misc assets/Capture-2025-10-22-170915.png",
				"Preview Content/Preview Assets.xcassets",
			);
			target = 984C5A4F2EAF2CD20048EB4D /* studyApp */;
		};
		984C5BC82EAF2D7C0048EB4D /* Exceptions for "studyAppUITests" folder in "studyAppTests" target */ = {
			isa = PBXFileSystemSynchronizedBuildFileExceptionSet;
			membershipExceptions = (
				.gitattributes,
				.gitignore,
				Assets.xcassets,
				"misc assets/Capture-2025-10-22-170915.png",
				"Preview Content/Preview Assets.xcassets",
			);
			target = 984C5A5C2EAF2CD40048EB4D /* studyAppTests */;
		};
/* End PBXFileSystemSynchronizedBuildFileExceptionSet section */

/* Begin PBXFileSystemSynchronizedRootGroup section */
		984C5A522EAF2CD20048EB4D /* studyApp */ = {
			isa = PBXFileSystemSynchronizedRootGroup;
			path = studyApp;
			sourceTree = "<group>";
		};
		984C5A602EAF2CD40048EB4D /* studyAppTests */ = {
			isa = PBXFileSystemSynchronizedRootGroup;
			path = studyAppTests;
			sourceTree = "<group>";
		};
		984C5A6A2EAF2CD40048EB4D /* studyAppUITests */ = {
			isa = PBXFileSystemSynchronizedRootGroup;
			exceptions = (
				984C5BC72EAF2D7C0048EB4D /* Exceptions for "studyAppUITests" folder in "studyApp" target */,
				984C5BC82EAF2D7C0048EB4D /* Exceptions for "studyAppUITests" folder in "studyAppTests" target */,
			);
			path = studyAppUITests;
			sourceTree = "<group>";
		};
/* End PBXFileSystemSynchronizedRootGroup section */

/* Begin PBXFrameworksBuildPhase section */
		984C5A4D2EAF2CD20048EB4D /* Frameworks */ = {
			isa = PBXFrameworksBuildPhase;
			buildActionMask = 2147483647;
			files = (
			);
			runOnlyForDeploymentPostprocessing = 0;
		};
		984C5A5A2EAF2CD40048EB4D /* Frameworks */ = {
			isa = PBXFrameworksBuildPhase;
			buildActionMask = 2147483647;
			files = (
			);
			runOnlyForDeploymentPostprocessing = 0;
		};
		984C5A642EAF2CD40048EB4D /* Frameworks */ = {
			isa = PBXFrameworksBuildPhase;
			buildActionMask = 2147483647;
			files = (
			);
			runOnlyForDeploymentPostprocessing = 0;
		};
/* End PBXFrameworksBuildPhase section */

/* Begin PBXGroup section */
		984C5A472EAF2CD20048EB4D = {
			isa = PBXGroup;
			children = (
				98F8451D2F2B7329003E3C6B /* studyApp.xctestplan */,
				984C5A512EAF2CD20048EB4D /* Products */,
				984C5A522EAF2CD20048EB4D /* studyApp */,
				984C5A602EAF2CD40048EB4D /* studyAppTests */,
				984C5A6A2EAF2CD40048EB4D /* studyAppUITests */,
			);
			sourceTree = "<group>";
		};
		984C5A512EAF2CD20048EB4D /* Products */ = {
			isa = PBXGroup;
			children = (
				984C5A502EAF2CD20048EB4D /* studyApp.app */,
				984C5A5D2EAF2CD40048EB4D /* studyAppTests.xctest */,
				984C5A672EAF2CD40048EB4D /* studyAppUITests.xctest */,
			);
			name = Products;
			sourceTree = "<group>";
		};
/* End PBXGroup section */

/* Begin PBXNativeTarget section */
		984C5A4F2EAF2CD20048EB4D /* studyApp */ = {
			isa = PBXNativeTarget;
			buildConfigurationList = 984C5A712EAF2CD40048EB4D /* Build configuration list for PBXNativeTarget "studyApp" */;
			buildPhases = (
				984C5A4C2EAF2CD20048EB4D /* Sources */,
				984C5A4D2EAF2CD20048EB4D /* Frameworks */,
				984C5A4E2EAF2CD20048EB4D /* Resources */,
			);
			buildRules = (
			);
			dependencies = (
			);
			fileSystemSynchronizedGroups = (
				984C5A522EAF2CD20048EB4D /* studyApp */,
			);
			name = studyApp;
			packageProductDependencies = (
			);
			productName = studyApp;
			productReference = 984C5A502EAF2CD20048EB4D /* studyApp.app */;
			productType = "com.apple.product-type.application";
		};
		984C5A5C2EAF2CD40048EB4D /* studyAppTests */ = {
			isa = PBXNativeTarget;
			buildConfigurationList = 984C5A742EAF2CD40048EB4D /* Build configuration list for PBXNativeTarget "studyAppTests" */;
			buildPhases = (
				984C5A592EAF2CD40048EB4D /* Sources */,
				984C5A5A2EAF2CD40048EB4D /* Frameworks */,
				984C5A5B2EAF2CD40048EB4D /* Resources */,
			);
			buildRules = (
			);
			dependencies = (
				984C5A5F2EAF2CD40048EB4D /* PBXTargetDependency */,
			);
			fileSystemSynchronizedGroups = (
				984C5A602EAF2CD40048EB4D /* studyAppTests */,
			);
			name = studyAppTests;
			packageProductDependencies = (
			);
			productName = studyAppTests;
			productReference = 984C5A5D2EAF2CD40048EB4D /* studyAppTests.xctest */;
			productType = "com.apple.product-type.bundle.unit-test";
		};
		984C5A662EAF2CD40048EB4D /* studyAppUITests */ = {
			isa = PBXNativeTarget;
			buildConfigurationList = 984C5A772EAF2CD40048EB4D /* Build configuration list for PBXNativeTarget "studyAppUITests" */;
			buildPhases = (
				984C5A632EAF2CD40048EB4D /* Sources */,
				984C5A642EAF2CD40048EB4D /* Frameworks */,
				984C5A652EAF2CD40048EB4D /* Resources */,
			);
			buildRules = (
			);
			dependencies = (
				984C5A692EAF2CD40048EB4D /* PBXTargetDependency */,
			);
			fileSystemSynchronizedGroups = (
				984C5A6A2EAF2CD40048EB4D /* studyAppUITests */,
			);
			name = studyAppUITests;
			packageProductDependencies = (
			);
			productName = studyAppUITests;
			productReference = 984C5A672EAF2CD40048EB4D /* studyAppUITests.xctest */;
			productType = "com.apple.product-type.bundle.ui-testing";
		};
/* End PBXNativeTarget section */

/* Begin PBXProject section */
		984C5A482EAF2CD20048EB4D /* Project object */ = {
			isa = PBXProject;
			attributes = {
				BuildIndependentTargetsInParallel = 1;
				LastSwiftUpdateCheck = 2600;
				LastUpgradeCheck = 2600;
				TargetAttributes = {
					984C5A4F2EAF2CD20048EB4D = {
						CreatedOnToolsVersion = 26.0;
					};
					984C5A5C2EAF2CD40048EB4D = {
						CreatedOnToolsVersion = 26.0;
						TestTargetID = 984C5A4F2EAF2CD20048EB4D;
					};
					984C5A662EAF2CD40048EB4D = {
						CreatedOnToolsVersion = 26.0;
						TestTargetID = 984C5A4F2EAF2CD20048EB4D;
					};
				};
			};
			buildConfigurationList = 984C5A4B2EAF2CD20048EB4D /* Build configuration list for PBXProject "studyApp" */;
			developmentRegion = en;
			hasScannedForEncodings = 0;
			knownRegions = (
				en,
				Base,
			);
			mainGroup = 984C5A472EAF2CD20048EB4D;
			minimizedProjectReferenceProxies = 1;
			preferredProjectObjectVersion = 77;
			productRefGroup = 984C5A512EAF2CD20048EB4D /* Products */;
			projectDirPath = "";
			projectRoot = "";
			targets = (
				984C5A4F2EAF2CD20048EB4D /* studyApp */,
				984C5A5C2EAF2CD40048EB4D /* studyAppTests */,
				984C5A662EAF2CD40048EB4D /* studyAppUITests */,
			);
		};
/* End PBXProject section */

/* Begin PBXResourcesBuildPhase section */
		984C5A4E2EAF2CD20048EB4D /* Resources */ = {
			isa = PBXResourcesBuildPhase;
			buildActionMask = 2147483647;
			files = (
			);
			runOnlyForDeploymentPostprocessing = 0;
		};
		984C5A5B2EAF2CD40048EB4D /* Resources */ = {
			isa = PBXResourcesBuildPhase;
			buildActionMask = 2147483647;
			files = (
			);
			runOnlyForDeploymentPostprocessing = 0;
		};
		984C5A652EAF2CD40048EB4D /* Resources */ = {
			isa = PBXResourcesBuildPhase;
			buildActionMask = 2147483647;
			files = (
			);
			runOnlyForDeploymentPostprocessing = 0;
		};
/* End PBXResourcesBuildPhase section */

/* Begin PBXSourcesBuildPhase section */
		984C5A4C2EAF2CD20048EB4D /* Sources */ = {
			isa = PBXSourcesBuildPhase;
			buildActionMask = 2147483647;
			files = (
			);
			runOnlyForDeploymentPostprocessing = 0;
		};
		984C5A592EAF2CD40048EB4D /* Sources */ = {
			isa = PBXSourcesBuildPhase;
			buildActionMask = 2147483647;
			files = (
			);
			runOnlyForDeploymentPostprocessing = 0;
		};
		984C5A632EAF2CD40048EB4D /* Sources */ = {
			isa = PBXSourcesBuildPhase;
			buildActionMask = 2147483647;
			files = (
			);
			runOnlyForDeploymentPostprocessing = 0;
		};
/* End PBXSourcesBuildPhase section */

/* Begin PBXTargetDependency section */
		984C5A5F2EAF2CD40048EB4D /* PBXTargetDependency */ = {
			isa = PBXTargetDependency;
			target = 984C5A4F2EAF2CD20048EB4D /* studyApp */;
			targetProxy = 984C5A5E2EAF2CD40048EB4D /* PBXContainerItemProxy */;
		};
		984C5A692EAF2CD40048EB4D /* PBXTargetDependency */ = {
			isa = PBXTargetDependency;
			target = 984C5A4F2EAF2CD20048EB4D /* studyApp */;
			targetProxy = 984C5A682EAF2CD40048EB4D /* PBXContainerItemProxy */;
		};
/* End PBXTargetDependency section */

/* Begin XCBuildConfiguration section */
		984C5A6F2EAF2CD40048EB4D /* Debug */ = {
			isa = XCBuildConfiguration;
			buildSettings = {
				ALWAYS_SEARCH_USER_PATHS = NO;
				ASSETCATALOG_COMPILER_GENERATE_SWIFT_ASSET_SYMBOL_EXTENSIONS = YES;
				CLANG_ANALYZER_NONNULL = YES;
				CLANG_ANALYZER_NUMBER_OBJECT_CONVERSION = YES_AGGRESSIVE;
				CLANG_CXX_LANGUAGE_STANDARD = "gnu++20";
				CLANG_ENABLE_MODULES = YES;
				CLANG_ENABLE_OBJC_ARC = YES;
				CLANG_ENABLE_OBJC_WEAK = YES;
				CLANG_WARN_BLOCK_CAPTURE_AUTORELEASING = YES;
				CLANG_WARN_BOOL_CONVERSION = YES;
				CLANG_WARN_COMMA = YES;
				CLANG_WARN_CONSTANT_CONVERSION = YES;
				CLANG_WARN_DEPRECATED_OBJC_IMPLEMENTATIONS = YES;
				CLANG_WARN_DIRECT_OBJC_ISA_USAGE = YES_ERROR;
				CLANG_WARN_DOCUMENTATION_COMMENTS = YES;
				CLANG_WARN_EMPTY_BODY = YES;
				CLANG_WARN_ENUM_CONVERSION = YES;
				CLANG_WARN_INFINITE_RECURSION = YES;
				CLANG_WARN_INT_CONVERSION = YES;
				CLANG_WARN_NON_LITERAL_NULL_CONVERSION = YES;
				CLANG_WARN_OBJC_IMPLICIT_RETAIN_SELF = YES;
				CLANG_WARN_OBJC_LITERAL_CONVERSION = YES;
				CLANG_WARN_OBJC_ROOT_CLASS = YES_ERROR;
				CLANG_WARN_QUOTED_INCLUDE_IN_FRAMEWORK_HEADER = YES;
				CLANG_WARN_RANGE_LOOP_ANALYSIS = YES;
				CLANG_WARN_STRICT_PROTOTYPES = YES;
				CLANG_WARN_SUSPICIOUS_MOVE = YES;
				CLANG_WARN_UNGUARDED_AVAILABILITY = YES_AGGRESSIVE;
				CLANG_WARN_UNREACHABLE_CODE = YES;
				CLANG_WARN__DUPLICATE_METHOD_MATCH = YES;
				COPY_PHASE_STRIP = NO;
				DEBUG_INFORMATION_FORMAT = dwarf;
				DEVELOPMENT_TEAM = 97SUBKQCJ2;
				ENABLE_STRICT_OBJC_MSGSEND = YES;
				ENABLE_TESTABILITY = YES;
				ENABLE_USER_SCRIPT_SANDBOXING = YES;
				GCC_C_LANGUAGE_STANDARD = gnu17;
				GCC_DYNAMIC_NO_PIC = NO;
				GCC_NO_COMMON_BLOCKS = YES;
				GCC_OPTIMIZATION_LEVEL = 0;
				GCC_PREPROCESSOR_DEFINITIONS = (
					"DEBUG=1",
					"$(inherited)",
				);
				GCC_WARN_64_TO_32_BIT_CONVERSION = YES;
				GCC_WARN_ABOUT_RETURN_TYPE = YES_ERROR;
				GCC_WARN_UNDECLARED_SELECTOR = YES;
				GCC_WARN_UNINITIALIZED_AUTOS = YES_AGGRESSIVE;
				GCC_WARN_UNUSED_FUNCTION = YES;
				GCC_WARN_UNUSED_VARIABLE = YES;
				IPHONEOS_DEPLOYMENT_TARGET = 26.0;
				LOCALIZATION_PREFERS_STRING_CATALOGS = YES;
				MTL_ENABLE_DEBUG_INFO = INCLUDE_SOURCE;
				MTL_FAST_MATH = YES;
				ONLY_ACTIVE_ARCH = YES;
				SDKROOT = iphoneos;
				SWIFT_ACTIVE_COMPILATION_CONDITIONS = "DEBUG $(inherited)";
				SWIFT_OPTIMIZATION_LEVEL = "-Onone";
			};
			name = Debug;
		};
		984C5A702EAF2CD40048EB4D /* Release */ = {
			isa = XCBuildConfiguration;
			buildSettings = {
				ALWAYS_SEARCH_USER_PATHS = NO;
				ASSETCATALOG_COMPILER_GENERATE_SWIFT_ASSET_SYMBOL_EXTENSIONS = YES;
				CLANG_ANALYZER_NONNULL = YES;
				CLANG_ANALYZER_NUMBER_OBJECT_CONVERSION = YES_AGGRESSIVE;
				CLANG_CXX_LANGUAGE_STANDARD = "gnu++20";
				CLANG_ENABLE_MODULES = YES;
				CLANG_ENABLE_OBJC_ARC = YES;
				CLANG_ENABLE_OBJC_WEAK = YES;
				CLANG_WARN_BLOCK_CAPTURE_AUTORELEASING = YES;
				CLANG_WARN_BOOL_CONVERSION = YES;
				CLANG_WARN_COMMA = YES;
				CLANG_WARN_CONSTANT_CONVERSION = YES;
				CLANG_WARN_DEPRECATED_OBJC_IMPLEMENTATIONS = YES;
				CLANG_WARN_DIRECT_OBJC_ISA_USAGE = YES_ERROR;
				CLANG_WARN_DOCUMENTATION_COMMENTS = YES;
				CLANG_WARN_EMPTY_BODY = YES;
				CLANG_WARN_ENUM_CONVERSION = YES;
				CLANG_WARN_INFINITE_RECURSION = YES;
				CLANG_WARN_INT_CONVERSION = YES;
				CLANG_WARN_NON_LITERAL_NULL_CONVERSION = YES;
				CLANG_WARN_OBJC_IMPLICIT_RETAIN_SELF = YES;
				CLANG_WARN_OBJC_LITERAL_CONVERSION = YES;
				CLANG_WARN_OBJC_ROOT_CLASS = YES_ERROR;
				CLANG_WARN_QUOTED_INCLUDE_IN_FRAMEWORK_HEADER = YES;
				CLANG_WARN_RANGE_LOOP_ANALYSIS = YES;
				CLANG_WARN_STRICT_PROTOTYPES = YES;
				CLANG_WARN_SUSPICIOUS_MOVE = YES;
				CLANG_WARN_UNGUARDED_AVAILABILITY = YES_AGGRESSIVE;
				CLANG_WARN_UNREACHABLE_CODE = YES;
				CLANG_WARN__DUPLICATE_METHOD_MATCH = YES;
				COPY_PHASE_STRIP = NO;
				DEBUG_INFORMATION_FORMAT = "dwarf-with-dsym";
				DEVELOPMENT_TEAM = 97SUBKQCJ2;
				ENABLE_NS_ASSERTIONS = NO;
				ENABLE_STRICT_OBJC_MSGSEND = YES;
				ENABLE_USER_SCRIPT_SANDBOXING = YES;
				GCC_C_LANGUAGE_STANDARD = gnu17;
				GCC_NO_COMMON_BLOCKS = YES;
				GCC_WARN_64_TO_32_BIT_CONVERSION = YES;
				GCC_WARN_ABOUT_RETURN_TYPE = YES_ERROR;
				GCC_WARN_UNDECLARED_SELECTOR = YES;
				GCC_WARN_UNINITIALIZED_AUTOS = YES_AGGRESSIVE;
				GCC_WARN_UNUSED_FUNCTION = YES;
				GCC_WARN_UNUSED_VARIABLE = YES;
				IPHONEOS_DEPLOYMENT_TARGET = 26.0;
				LOCALIZATION_PREFERS_STRING_CATALOGS = YES;
				MTL_ENABLE_DEBUG_INFO = NO;
				MTL_FAST_MATH = YES;
				SDKROOT = iphoneos;
				SWIFT_COMPILATION_MODE = wholemodule;
				VALIDATE_PRODUCT = YES;
			};
			name = Release;
		};
		984C5A722EAF2CD40048EB4D /* Debug */ = {
			isa = XCBuildConfiguration;
			buildSettings = {
				ASSETCATALOG_COMPILER_APPICON_NAME = AppIcon;
				ASSETCATALOG_COMPILER_GLOBAL_ACCENT_COLOR_NAME = AccentColor;
				CODE_SIGN_STYLE = Automatic;
				CURRENT_PROJECT_VERSION = 1;
				DEVELOPMENT_TEAM = 97SUBKQCJ2;
				ENABLE_PREVIEWS = YES;
				GENERATE_INFOPLIST_FILE = YES;
				INFOPLIST_KEY_UIApplicationSceneManifest_Generation = YES;
				INFOPLIST_KEY_UIApplicationSupportsIndirectInputEvents = YES;
				INFOPLIST_KEY_UILaunchScreen_Generation = YES;
				INFOPLIST_KEY_UISupportedInterfaceOrientations_iPad = "UIInterfaceOrientationPortrait UIInterfaceOrientationPortraitUpsideDown UIInterfaceOrientationLandscapeLeft UIInterfaceOrientationLandscapeRight";
				INFOPLIST_KEY_UISupportedInterfaceOrientations_iPhone = "UIInterfaceOrientationPortrait UIInterfaceOrientationLandscapeLeft UIInterfaceOrientationLandscapeRight";
				LD_RUNPATH_SEARCH_PATHS = (
					"$(inherited)",
					"@executable_path/Frameworks",
				);
				MARKETING_VERSION = 1.0;
				PRODUCT_BUNDLE_IDENTIFIER = personal.studyBud;
				PRODUCT_NAME = "$(TARGET_NAME)";
				STRING_CATALOG_GENERATE_SYMBOLS = YES;
				SWIFT_APPROACHABLE_CONCURRENCY = YES;
				SWIFT_DEFAULT_ACTOR_ISOLATION = MainActor;
				SWIFT_EMIT_LOC_STRINGS = YES;
				SWIFT_UPCOMING_FEATURE_MEMBER_IMPORT_VISIBILITY = YES;
				SWIFT_VERSION = 5.0;
				TARGETED_DEVICE_FAMILY = "1,2";
			};
			name = Debug;
		};
		984C5A732EAF2CD40048EB4D /* Release */ = {
			isa = XCBuildConfiguration;
			buildSettings = {
				ASSETCATALOG_COMPILER_APPICON_NAME = AppIcon;
				ASSETCATALOG_COMPILER_GLOBAL_ACCENT_COLOR_NAME = AccentColor;
				CODE_SIGN_STYLE = Automatic;
				CURRENT_PROJECT_VERSION = 1;
				DEVELOPMENT_TEAM = 97SUBKQCJ2;
				ENABLE_PREVIEWS = YES;
				GENERATE_INFOPLIST_FILE = YES;
				INFOPLIST_KEY_UIApplicationSceneManifest_Generation = YES;
				INFOPLIST_KEY_UIApplicationSupportsIndirectInputEvents = YES;
				INFOPLIST_KEY_UILaunchScreen_Generation = YES;
				INFOPLIST_KEY_UISupportedInterfaceOrientations_iPad = "UIInterfaceOrientationPortrait UIInterfaceOrientationPortraitUpsideDown UIInterfaceOrientationLandscapeLeft UIInterfaceOrientationLandscapeRight";
				INFOPLIST_KEY_UISupportedInterfaceOrientations_iPhone = "UIInterfaceOrientationPortrait UIInterfaceOrientationLandscapeLeft UIInterfaceOrientationLandscapeRight";
				LD_RUNPATH_SEARCH_PATHS = (
					"$(inherited)",
					"@executable_path/Frameworks",
				);
				MARKETING_VERSION = 1.0;
				PRODUCT_BUNDLE_IDENTIFIER = personal.studyBud;
				PRODUCT_NAME = "$(TARGET_NAME)";
				STRING_CATALOG_GENERATE_SYMBOLS = YES;
				SWIFT_APPROACHABLE_CONCURRENCY = YES;
				SWIFT_DEFAULT_ACTOR_ISOLATION = MainActor;
				SWIFT_EMIT_LOC_STRINGS = YES;
				SWIFT_UPCOMING_FEATURE_MEMBER_IMPORT_VISIBILITY = YES;
				SWIFT_VERSION = 5.0;
				TARGETED_DEVICE_FAMILY = "1,2";
			};
			name = Release;
		};
		984C5A752EAF2CD40048EB4D /* Debug */ = {
			isa = XCBuildConfiguration;
			buildSettings = {
				BUNDLE_LOADER = "$(TEST_HOST)";
				CODE_SIGN_STYLE = Automatic;
				CURRENT_PROJECT_VERSION = 1;
				DEVELOPMENT_TEAM = 97SUBKQCJ2;
				GENERATE_INFOPLIST_FILE = YES;
				IPHONEOS_DEPLOYMENT_TARGET = 26.0;
				MARKETING_VERSION = 1.0;
				PRODUCT_BUNDLE_IDENTIFIER = personal.studyAppTests;
				PRODUCT_NAME = "$(TARGET_NAME)";
				STRING_CATALOG_GENERATE_SYMBOLS = NO;
				SWIFT_APPROACHABLE_CONCURRENCY = YES;
				SWIFT_EMIT_LOC_STRINGS = NO;
				SWIFT_UPCOMING_FEATURE_MEMBER_IMPORT_VISIBILITY = YES;
				SWIFT_VERSION = 5.0;
				TARGETED_DEVICE_FAMILY = "1,2";
				TEST_HOST = "$(BUILT_PRODUCTS_DIR)/studyApp.app/$(BUNDLE_EXECUTABLE_FOLDER_PATH)/studyApp";
			};
			name = Debug;
		};
		984C5A762EAF2CD40048EB4D /* Release */ = {
			isa = XCBuildConfiguration;
			buildSettings = {
				BUNDLE_LOADER = "$(TEST_HOST)";
				CODE_SIGN_STYLE = Automatic;
				CURRENT_PROJECT_VERSION = 1;
				DEVELOPMENT_TEAM = 97SUBKQCJ2;
				GENERATE_INFOPLIST_FILE = YES;
				IPHONEOS_DEPLOYMENT_TARGET = 26.0;
				MARKETING_VERSION = 1.0;
				PRODUCT_BUNDLE_IDENTIFIER = personal.studyAppTests;
				PRODUCT_NAME = "$(TARGET_NAME)";
				STRING_CATALOG_GENERATE_SYMBOLS = NO;
				SWIFT_APPROACHABLE_CONCURRENCY = YES;
				SWIFT_EMIT_LOC_STRINGS = NO;
				SWIFT_UPCOMING_FEATURE_MEMBER_IMPORT_VISIBILITY = YES;
				SWIFT_VERSION = 5.0;
				TARGETED_DEVICE_FAMILY = "1,2";
				TEST_HOST = "$(BUILT_PRODUCTS_DIR)/studyApp.app/$(BUNDLE_EXECUTABLE_FOLDER_PATH)/studyApp";
			};
			name = Release;
		};
		984C5A782EAF2CD40048EB4D /* Debug */ = {
			isa = XCBuildConfiguration;
			buildSettings = {
				CODE_SIGN_STYLE = Automatic;
				CURRENT_PROJECT_VERSION = 1;
				DEVELOPMENT_TEAM = 97SUBKQCJ2;
				GENERATE_INFOPLIST_FILE = YES;
				MARKETING_VERSION = 1.0;
				PRODUCT_BUNDLE_IDENTIFIER = personal.studyAppUITests;
				PRODUCT_NAME = "$(TARGET_NAME)";
				STRING_CATALOG_GENERATE_SYMBOLS = NO;
				SWIFT_APPROACHABLE_CONCURRENCY = YES;
				SWIFT_EMIT_LOC_STRINGS = NO;
				SWIFT_UPCOMING_FEATURE_MEMBER_IMPORT_VISIBILITY = YES;
				SWIFT_VERSION = 5.0;
				TARGETED_DEVICE_FAMILY = "1,2";
				TEST_TARGET_NAME = studyApp;
			};
			name = Debug;
		};
		984C5A792EAF2CD40048EB4D /* Release */ = {
			isa = XCBuildConfiguration;
			buildSettings = {
				CODE_SIGN_STYLE = Automatic;
				CURRENT_PROJECT_VERSION = 1;
				DEVELOPMENT_TEAM = 97SUBKQCJ2;
				GENERATE_INFOPLIST_FILE = YES;
				MARKETING_VERSION = 1.0;
				PRODUCT_BUNDLE_IDENTIFIER = personal.studyAppUITests;
				PRODUCT_NAME = "$(TARGET_NAME)";
				STRING_CATALOG_GENERATE_SYMBOLS = NO;
				SWIFT_APPROACHABLE_CONCURRENCY = YES;
				SWIFT_EMIT_LOC_STRINGS = NO;
				SWIFT_UPCOMING_FEATURE_MEMBER_IMPORT_VISIBILITY = YES;
				SWIFT_VERSION = 5.0;
				TARGETED_DEVICE_FAMILY = "1,2";
				TEST_TARGET_NAME = studyApp;
			};
			name = Release;
		};
/* End XCBuildConfiguration section */

/* Begin XCConfigurationList section */
		984C5A4B2EAF2CD20048EB4D /* Build configuration list for PBXProject "studyApp" */ = {
			isa = XCConfigurationList;
			buildConfigurations = (
				984C5A6F2EAF2CD40048EB4D /* Debug */,
				984C5A702EAF2CD40048EB4D /* Release */,
			);
			defaultConfigurationIsVisible = 0;
			defaultConfigurationName = Release;
		};
		984C5A712EAF2CD40048EB4D /* Build configuration list for PBXNativeTarget "studyApp" */ = {
			isa = XCConfigurationList;
			buildConfigurations = (
				984C5A722EAF2CD40048EB4D /* Debug */,
				984C5A732EAF2CD40048EB4D /* Release */,
			);
			defaultConfigurationIsVisible = 0;
			defaultConfigurationName = Release;
		};
		984C5A742EAF2CD40048EB4D /* Build configuration list for PBXNativeTarget "studyAppTests" */ = {
			isa = XCConfigurationList;
			buildConfigurations = (
				984C5A752EAF2CD40048EB4D /* Debug */,
				984C5A762EAF2CD40048EB4D /* Release */,
			);
			defaultConfigurationIsVisible = 0;
			defaultConfigurationName = Release;
		};
		984C5A772EAF2CD40048EB4D /* Build configuration list for PBXNativeTarget "studyAppUITests" */ = {
			isa = XCConfigurationList;
			buildConfigurations = (
				984C5A782EAF2CD40048EB4D /* Debug */,
				984C5A792EAF2CD40048EB4D /* Release */,
			);
			defaultConfigurationIsVisible = 0;
			defaultConfigurationName = Release;
		};
/* End XCConfigurationList section */
	};
	rootObject = 984C5A482EAF2CD20048EB4D /* Project object */;
}
